// !$*UTF8*$!
{
	archiveVersion = 1;
	classes = {
	};
	objectVersion = 56;
	objects = {

/* Begin PBXBuildFile section */
		AC322ECD29AB325800F8CFB0 /* AppDelegate.swift in Sources */ = {isa = PBXBuildFile; fileRef = AC322ECC29AB325800F8CFB0 /* AppDelegate.swift */; };
		AC322ECF29AB325800F8CFB0 /* SceneDelegate.swift in Sources */ = {isa = PBXBuildFile; fileRef = AC322ECE29AB325800F8CFB0 /* SceneDelegate.swift */; };
		AC322ED129AB325800F8CFB0 /* ViewController.swift in Sources */ = {isa = PBXBuildFile; fileRef = AC322ED029AB325800F8CFB0 /* ViewController.swift */; };
		AC322ED429AB325800F8CFB0 /* Main.storyboard in Resources */ = {isa = PBXBuildFile; fileRef = AC322ED229AB325800F8CFB0 /* Main.storyboard */; };
		AC322ED629AB325A00F8CFB0 /* Assets.xcassets in Resources */ = {isa = PBXBuildFile; fileRef = AC322ED529AB325A00F8CFB0 /* Assets.xcassets */; };
		AC322ED929AB325A00F8CFB0 /* LaunchScreen.storyboard in Resources */ = {isa = PBXBuildFile; fileRef = AC322ED729AB325A00F8CFB0 /* LaunchScreen.storyboard */; };
		AC322EE329AB348500F8CFB0 /* ProductListItemCell.swift in Sources */ = {isa = PBXBuildFile; fileRef = AC322EE129AB348500F8CFB0 /* ProductListItemCell.swift */; };
		AC322EE429AB348500F8CFB0 /* ProductListItemCell.xib in Resources */ = {isa = PBXBuildFile; fileRef = AC322EE229AB348500F8CFB0 /* ProductListItemCell.xib */; };
		AC322EE729AB369F00F8CFB0 /* ProductListItemViewModel.swift in Sources */ = {isa = PBXBuildFile; fileRef = AC322EE629AB369F00F8CFB0 /* ProductListItemViewModel.swift */; };
		AC322EE929AB377000F8CFB0 /* ProductListViewModel.swift in Sources */ = {isa = PBXBuildFile; fileRef = AC322EE829AB377000F8CFB0 /* ProductListViewModel.swift */; };
		AC322EED29AB387100F8CFB0 /* ProductListResponseModel.swift in Sources */ = {isa = PBXBuildFile; fileRef = AC322EEC29AB387100F8CFB0 /* ProductListResponseModel.swift */; };
		AC322EEF29AB3A4500F8CFB0 /* NetworkUtility.swift in Sources */ = {isa = PBXBuildFile; fileRef = AC322EEE29AB3A4500F8CFB0 /* NetworkUtility.swift */; };
		AC322EF829AB440B00F8CFB0 /* ProductLandingViewController.swift in Sources */ = {isa = PBXBuildFile; fileRef = AC322EF729AB440B00F8CFB0 /* ProductLandingViewController.swift */; };
		AC322EFA29AB441600F8CFB0 /* ProductLanding.storyboard in Resources */ = {isa = PBXBuildFile; fileRef = AC322EF929AB441600F8CFB0 /* ProductLanding.storyboard */; };
		AC322EFC29AB446500F8CFB0 /* UIKit+Utils.swift in Sources */ = {isa = PBXBuildFile; fileRef = AC322EFB29AB446500F8CFB0 /* UIKit+Utils.swift */; };
		AC322EFE29AB465600F8CFB0 /* ProductLandingConfiguration.swift in Sources */ = {isa = PBXBuildFile; fileRef = AC322EFD29AB465600F8CFB0 /* ProductLandingConfiguration.swift */; };
		AC322F0029AB468600F8CFB0 /* ProductLandingViewModel.swift in Sources */ = {isa = PBXBuildFile; fileRef = AC322EFF29AB468600F8CFB0 /* ProductLandingViewModel.swift */; };
		AC322F0329AB4D9A00F8CFB0 /* ProductLandingItemCell.swift in Sources */ = {isa = PBXBuildFile; fileRef = AC322F0129AB4D9A00F8CFB0 /* ProductLandingItemCell.swift */; };
		AC322F0429AB4D9A00F8CFB0 /* ProductLandingItemCell.xib in Resources */ = {isa = PBXBuildFile; fileRef = AC322F0229AB4D9A00F8CFB0 /* ProductLandingItemCell.xib */; };
		AC322F0629AB4F7D00F8CFB0 /* ProductLandingItemViewModel.swift in Sources */ = {isa = PBXBuildFile; fileRef = AC322F0529AB4F7D00F8CFB0 /* ProductLandingItemViewModel.swift */; };
		AC322F1029AB532600F8CFB0 /* CategoryLandingViewController.swift in Sources */ = {isa = PBXBuildFile; fileRef = AC322F0F29AB532600F8CFB0 /* CategoryLandingViewController.swift */; };
		AC322F1229AB533200F8CFB0 /* CategoryLanding.storyboard in Resources */ = {isa = PBXBuildFile; fileRef = AC322F1129AB533200F8CFB0 /* CategoryLanding.storyboard */; };
		AC322F1429AB53F600F8CFB0 /* CategoryLandingViewModel.swift in Sources */ = {isa = PBXBuildFile; fileRef = AC322F1329AB53F600F8CFB0 /* CategoryLandingViewModel.swift */; };
		AC322F1629AB550300F8CFB0 /* CategoryLandingConfiguration.swift in Sources */ = {isa = PBXBuildFile; fileRef = AC322F1529AB550300F8CFB0 /* CategoryLandingConfiguration.swift */; };
		AC322F1C29AB5B9300F8CFB0 /* Lato-Light.ttf in Resources */ = {isa = PBXBuildFile; fileRef = AC322F1829AB5B9300F8CFB0 /* Lato-Light.ttf */; };
		AC322F1D29AB5B9300F8CFB0 /* Lato-Black.ttf in Resources */ = {isa = PBXBuildFile; fileRef = AC322F1929AB5B9300F8CFB0 /* Lato-Black.ttf */; };
		AC322F1E29AB5B9300F8CFB0 /* Lato-Regular.ttf in Resources */ = {isa = PBXBuildFile; fileRef = AC322F1A29AB5B9300F8CFB0 /* Lato-Regular.ttf */; };
		AC322F1F29AB5B9300F8CFB0 /* Lato-Bold.ttf in Resources */ = {isa = PBXBuildFile; fileRef = AC322F1B29AB5B9300F8CFB0 /* Lato-Bold.ttf */; };
		AC322F2129AB5C3700F8CFB0 /* FontUtility.swift in Sources */ = {isa = PBXBuildFile; fileRef = AC322F2029AB5C3700F8CFB0 /* FontUtility.swift */; };
		AC322F2329AB63CA00F8CFB0 /* BaseViewController.swift in Sources */ = {isa = PBXBuildFile; fileRef = AC322F2229AB63C900F8CFB0 /* BaseViewController.swift */; };
/* End PBXBuildFile section */

/* Begin PBXFileReference section */
		AC322EC929AB325800F8CFB0 /* Product.app */ = {isa = PBXFileReference; explicitFileType = wrapper.application; includeInIndex = 0; path = Product.app; sourceTree = BUILT_PRODUCTS_DIR; };
		AC322ECC29AB325800F8CFB0 /* AppDelegate.swift */ = {isa = PBXFileReference; lastKnownFileType = sourcecode.swift; path = AppDelegate.swift; sourceTree = "<group>"; };
		AC322ECE29AB325800F8CFB0 /* SceneDelegate.swift */ = {isa = PBXFileReference; lastKnownFileType = sourcecode.swift; path = SceneDelegate.swift; sourceTree = "<group>"; };
		AC322ED029AB325800F8CFB0 /* ViewController.swift */ = {isa = PBXFileReference; lastKnownFileType = sourcecode.swift; path = ViewController.swift; sourceTree = "<group>"; };
		AC322ED329AB325800F8CFB0 /* Base */ = {isa = PBXFileReference; lastKnownFileType = file.storyboard; name = Base; path = Base.lproj/Main.storyboard; sourceTree = "<group>"; };
		AC322ED529AB325A00F8CFB0 /* Assets.xcassets */ = {isa = PBXFileReference; lastKnownFileType = folder.assetcatalog; path = Assets.xcassets; sourceTree = "<group>"; };
		AC322ED829AB325A00F8CFB0 /* Base */ = {isa = PBXFileReference; lastKnownFileType = file.storyboard; name = Base; path = Base.lproj/LaunchScreen.storyboard; sourceTree = "<group>"; };
		AC322EDA29AB325A00F8CFB0 /* Info.plist */ = {isa = PBXFileReference; lastKnownFileType = text.plist.xml; path = Info.plist; sourceTree = "<group>"; };
		AC322EE129AB348500F8CFB0 /* ProductListItemCell.swift */ = {isa = PBXFileReference; lastKnownFileType = sourcecode.swift; path = ProductListItemCell.swift; sourceTree = "<group>"; };
		AC322EE229AB348500F8CFB0 /* ProductListItemCell.xib */ = {isa = PBXFileReference; lastKnownFileType = file.xib; path = ProductListItemCell.xib; sourceTree = "<group>"; };
		AC322EE629AB369F00F8CFB0 /* ProductListItemViewModel.swift */ = {isa = PBXFileReference; lastKnownFileType = sourcecode.swift; path = ProductListItemViewModel.swift; sourceTree = "<group>"; };
		AC322EE829AB377000F8CFB0 /* ProductListViewModel.swift */ = {isa = PBXFileReference; lastKnownFileType = sourcecode.swift; path = ProductListViewModel.swift; sourceTree = "<group>"; };
		AC322EEC29AB387100F8CFB0 /* ProductListResponseModel.swift */ = {isa = PBXFileReference; lastKnownFileType = sourcecode.swift; path = ProductListResponseModel.swift; sourceTree = "<group>"; };
		AC322EEE29AB3A4500F8CFB0 /* NetworkUtility.swift */ = {isa = PBXFileReference; lastKnownFileType = sourcecode.swift; path = NetworkUtility.swift; sourceTree = "<group>"; };
		AC322EF729AB440B00F8CFB0 /* ProductLandingViewController.swift */ = {isa = PBXFileReference; lastKnownFileType = sourcecode.swift; path = ProductLandingViewController.swift; sourceTree = "<group>"; };
		AC322EF929AB441600F8CFB0 /* ProductLanding.storyboard */ = {isa = PBXFileReference; lastKnownFileType = file.storyboard; path = ProductLanding.storyboard; sourceTree = "<group>"; };
		AC322EFB29AB446500F8CFB0 /* UIKit+Utils.swift */ = {isa = PBXFileReference; lastKnownFileType = sourcecode.swift; path = "UIKit+Utils.swift"; sourceTree = "<group>"; };
		AC322EFD29AB465600F8CFB0 /* ProductLandingConfiguration.swift */ = {isa = PBXFileReference; lastKnownFileType = sourcecode.swift; path = ProductLandingConfiguration.swift; sourceTree = "<group>"; };
		AC322EFF29AB468600F8CFB0 /* ProductLandingViewModel.swift */ = {isa = PBXFileReference; lastKnownFileType = sourcecode.swift; path = ProductLandingViewModel.swift; sourceTree = "<group>"; };
		AC322F0129AB4D9A00F8CFB0 /* ProductLandingItemCell.swift */ = {isa = PBXFileReference; lastKnownFileType = sourcecode.swift; path = ProductLandingItemCell.swift; sourceTree = "<group>"; };
		AC322F0229AB4D9A00F8CFB0 /* ProductLandingItemCell.xib */ = {isa = PBXFileReference; lastKnownFileType = file.xib; path = ProductLandingItemCell.xib; sourceTree = "<group>"; };
		AC322F0529AB4F7D00F8CFB0 /* ProductLandingItemViewModel.swift */ = {isa = PBXFileReference; lastKnownFileType = sourcecode.swift; path = ProductLandingItemViewModel.swift; sourceTree = "<group>"; };
		AC322F0F29AB532600F8CFB0 /* CategoryLandingViewController.swift */ = {isa = PBXFileReference; lastKnownFileType = sourcecode.swift; path = CategoryLandingViewController.swift; sourceTree = "<group>"; };
		AC322F1129AB533200F8CFB0 /* CategoryLanding.storyboard */ = {isa = PBXFileReference; lastKnownFileType = file.storyboard; path = CategoryLanding.storyboard; sourceTree = "<group>"; };
		AC322F1329AB53F600F8CFB0 /* CategoryLandingViewModel.swift */ = {isa = PBXFileReference; lastKnownFileType = sourcecode.swift; path = CategoryLandingViewModel.swift; sourceTree = "<group>"; };
		AC322F1529AB550300F8CFB0 /* CategoryLandingConfiguration.swift */ = {isa = PBXFileReference; lastKnownFileType = sourcecode.swift; path = CategoryLandingConfiguration.swift; sourceTree = "<group>"; };
		AC322F1829AB5B9300F8CFB0 /* Lato-Light.ttf */ = {isa = PBXFileReference; lastKnownFileType = file; path = "Lato-Light.ttf"; sourceTree = "<group>"; };
		AC322F1929AB5B9300F8CFB0 /* Lato-Black.ttf */ = {isa = PBXFileReference; lastKnownFileType = file; path = "Lato-Black.ttf"; sourceTree = "<group>"; };
		AC322F1A29AB5B9300F8CFB0 /* Lato-Regular.ttf */ = {isa = PBXFileReference; lastKnownFileType = file; path = "Lato-Regular.ttf"; sourceTree = "<group>"; };
		AC322F1B29AB5B9300F8CFB0 /* Lato-Bold.ttf */ = {isa = PBXFileReference; lastKnownFileType = file; path = "Lato-Bold.ttf"; sourceTree = "<group>"; };
		AC322F2029AB5C3700F8CFB0 /* FontUtility.swift */ = {isa = PBXFileReference; lastKnownFileType = sourcecode.swift; path = FontUtility.swift; sourceTree = "<group>"; };
		AC322F2229AB63C900F8CFB0 /* BaseViewController.swift */ = {isa = PBXFileReference; lastKnownFileType = sourcecode.swift; path = BaseViewController.swift; sourceTree = "<group>"; };
/* End PBXFileReference section */

/* Begin PBXFrameworksBuildPhase section */
		AC322EC629AB325800F8CFB0 /* Frameworks */ = {
			isa = PBXFrameworksBuildPhase;
			buildActionMask = 2147483647;
			files = (
			);
			runOnlyForDeploymentPostprocessing = 0;
		};
/* End PBXFrameworksBuildPhase section */

/* Begin PBXGroup section */
		AC322EC029AB325800F8CFB0 = {
			isa = PBXGroup;
			children = (
				AC322ECB29AB325800F8CFB0 /* Product */,
				AC322ECA29AB325800F8CFB0 /* Products */,
			);
			sourceTree = "<group>";
		};
		AC322ECA29AB325800F8CFB0 /* Products */ = {
			isa = PBXGroup;
			children = (
				AC322EC929AB325800F8CFB0 /* Product.app */,
			);
			name = Products;
			sourceTree = "<group>";
		};
		AC322ECB29AB325800F8CFB0 /* Product */ = {
			isa = PBXGroup;
			children = (
				AC322F1729AB5B7400F8CFB0 /* Fonts */,
				AC322EE529AB361900F8CFB0 /* ProductList */,
				AC322EF029AB42DD00F8CFB0 /* ProductLandingPage */,
				AC322F0729AB51DA00F8CFB0 /* CategoryLandingPage */,
				AC322EFB29AB446500F8CFB0 /* UIKit+Utils.swift */,
				AC322EEA29AB37E700F8CFB0 /* Network */,
				AC322ECC29AB325800F8CFB0 /* AppDelegate.swift */,
				AC322ECE29AB325800F8CFB0 /* SceneDelegate.swift */,
				AC322ED529AB325A00F8CFB0 /* Assets.xcassets */,
				AC322ED729AB325A00F8CFB0 /* LaunchScreen.storyboard */,
				AC322EDA29AB325A00F8CFB0 /* Info.plist */,
				AC322F2229AB63C900F8CFB0 /* BaseViewController.swift */,
			);
			path = Product;
			sourceTree = "<group>";
		};
		AC322EE029AB344200F8CFB0 /* View */ = {
			isa = PBXGroup;
			children = (
				AC322EE129AB348500F8CFB0 /* ProductListItemCell.swift */,
				AC322EE229AB348500F8CFB0 /* ProductListItemCell.xib */,
			);
			path = View;
			sourceTree = "<group>";
		};
		AC322EE529AB361900F8CFB0 /* ProductList */ = {
			isa = PBXGroup;
			children = (
				AC322EF229AB437100F8CFB0 /* ViewController */,
				AC322EF129AB436800F8CFB0 /* ViewModel */,
			);
			path = ProductList;
			sourceTree = "<group>";
		};
		AC322EEA29AB37E700F8CFB0 /* Network */ = {
			isa = PBXGroup;
			children = (
				AC322EEB29AB381E00F8CFB0 /* Model */,
				AC322EEE29AB3A4500F8CFB0 /* NetworkUtility.swift */,
			);
			path = Network;
			sourceTree = "<group>";
		};
		AC322EEB29AB381E00F8CFB0 /* Model */ = {
			isa = PBXGroup;
			children = (
				AC322EEC29AB387100F8CFB0 /* ProductListResponseModel.swift */,
			);
			path = Model;
			sourceTree = "<group>";
		};
		AC322EF029AB42DD00F8CFB0 /* ProductLandingPage */ = {
			isa = PBXGroup;
			children = (
				AC322F0929AB521400F8CFB0 /* ViewController */,
				AC322F0829AB51F900F8CFB0 /* ViewModel */,
				AC322EFD29AB465600F8CFB0 /* ProductLandingConfiguration.swift */,
			);
			path = ProductLandingPage;
			sourceTree = "<group>";
		};
		AC322EF129AB436800F8CFB0 /* ViewModel */ = {
			isa = PBXGroup;
			children = (
				AC322EE629AB369F00F8CFB0 /* ProductListItemViewModel.swift */,
				AC322EE829AB377000F8CFB0 /* ProductListViewModel.swift */,
			);
			path = ViewModel;
			sourceTree = "<group>";
		};
		AC322EF229AB437100F8CFB0 /* ViewController */ = {
			isa = PBXGroup;
			children = (
				AC322EE029AB344200F8CFB0 /* View */,
				AC322F0C29AB525800F8CFB0 /* Controller */,
			);
			path = ViewController;
			sourceTree = "<group>";
		};
		AC322F0729AB51DA00F8CFB0 /* CategoryLandingPage */ = {
			isa = PBXGroup;
			children = (
				AC322F0D29AB52FA00F8CFB0 /* ViewController */,
				AC322F0E29AB530300F8CFB0 /* ViewModel */,
				AC322F1529AB550300F8CFB0 /* CategoryLandingConfiguration.swift */,
			);
			path = CategoryLandingPage;
			sourceTree = "<group>";
		};
		AC322F0829AB51F900F8CFB0 /* ViewModel */ = {
			isa = PBXGroup;
			children = (
				AC322EFF29AB468600F8CFB0 /* ProductLandingViewModel.swift */,
				AC322F0529AB4F7D00F8CFB0 /* ProductLandingItemViewModel.swift */,
			);
			path = ViewModel;
			sourceTree = "<group>";
		};
		AC322F0929AB521400F8CFB0 /* ViewController */ = {
			isa = PBXGroup;
			children = (
				AC322F0A29AB522700F8CFB0 /* View */,
				AC322F0B29AB522D00F8CFB0 /* Controller */,
			);
			path = ViewController;
			sourceTree = "<group>";
		};
		AC322F0A29AB522700F8CFB0 /* View */ = {
			isa = PBXGroup;
			children = (
				AC322F0229AB4D9A00F8CFB0 /* ProductLandingItemCell.xib */,
				AC322F0129AB4D9A00F8CFB0 /* ProductLandingItemCell.swift */,
			);
			path = View;
			sourceTree = "<group>";
		};
		AC322F0B29AB522D00F8CFB0 /* Controller */ = {
			isa = PBXGroup;
			children = (
				AC322EF929AB441600F8CFB0 /* ProductLanding.storyboard */,
				AC322EF729AB440B00F8CFB0 /* ProductLandingViewController.swift */,
			);
			path = Controller;
			sourceTree = "<group>";
		};
		AC322F0C29AB525800F8CFB0 /* Controller */ = {
			isa = PBXGroup;
			children = (
				AC322ED229AB325800F8CFB0 /* Main.storyboard */,
				AC322ED029AB325800F8CFB0 /* ViewController.swift */,
			);
			path = Controller;
			sourceTree = "<group>";
		};
		AC322F0D29AB52FA00F8CFB0 /* ViewController */ = {
			isa = PBXGroup;
			children = (
				AC322F0F29AB532600F8CFB0 /* CategoryLandingViewController.swift */,
				AC322F1129AB533200F8CFB0 /* CategoryLanding.storyboard */,
			);
			path = ViewController;
			sourceTree = "<group>";
		};
		AC322F0E29AB530300F8CFB0 /* ViewModel */ = {
			isa = PBXGroup;
			children = (
				AC322F1329AB53F600F8CFB0 /* CategoryLandingViewModel.swift */,
			);
			path = ViewModel;
			sourceTree = "<group>";
		};
		AC322F1729AB5B7400F8CFB0 /* Fonts */ = {
			isa = PBXGroup;
			children = (
				AC322F1929AB5B9300F8CFB0 /* Lato-Black.ttf */,
				AC322F1B29AB5B9300F8CFB0 /* Lato-Bold.ttf */,
				AC322F1829AB5B9300F8CFB0 /* Lato-Light.ttf */,
				AC322F1A29AB5B9300F8CFB0 /* Lato-Regular.ttf */,
				AC322F2029AB5C3700F8CFB0 /* FontUtility.swift */,
			);
			path = Fonts;
			sourceTree = "<group>";
		};
/* End PBXGroup section */

/* Begin PBXNativeTarget section */
		AC322EC829AB325800F8CFB0 /* Product */ = {
			isa = PBXNativeTarget;
			buildConfigurationList = AC322EDD29AB325A00F8CFB0 /* Build configuration list for PBXNativeTarget "Product" */;
			buildPhases = (
				AC322EC529AB325800F8CFB0 /* Sources */,
				AC322EC629AB325800F8CFB0 /* Frameworks */,
				AC322EC729AB325800F8CFB0 /* Resources */,
			);
			buildRules = (
			);
			dependencies = (
			);
			name = Product;
			productName = Product;
			productReference = AC322EC929AB325800F8CFB0 /* Product.app */;
			productType = "com.apple.product-type.application";
		};
/* End PBXNativeTarget section */

/* Begin PBXProject section */
		AC322EC129AB325800F8CFB0 /* Project object */ = {
			isa = PBXProject;
			attributes = {
				BuildIndependentTargetsInParallel = 1;
				LastSwiftUpdateCheck = 1420;
				LastUpgradeCheck = 1420;
				TargetAttributes = {
					AC322EC829AB325800F8CFB0 = {
						CreatedOnToolsVersion = 14.2;
					};
				};
			};
			buildConfigurationList = AC322EC429AB325800F8CFB0 /* Build configuration list for PBXProject "Product" */;
			compatibilityVersion = "Xcode 14.0";
			developmentRegion = en;
			hasScannedForEncodings = 0;
			knownRegions = (
				en,
				Base,
			);
			mainGroup = AC322EC029AB325800F8CFB0;
			productRefGroup = AC322ECA29AB325800F8CFB0 /* Products */;
			projectDirPath = "";
			projectRoot = "";
			targets = (
				AC322EC829AB325800F8CFB0 /* Product */,
			);
		};
/* End PBXProject section */

/* Begin PBXResourcesBuildPhase section */
		AC322EC729AB325800F8CFB0 /* Resources */ = {
			isa = PBXResourcesBuildPhase;
			buildActionMask = 2147483647;
			files = (
				AC322F1F29AB5B9300F8CFB0 /* Lato-Bold.ttf in Resources */,
				AC322EE429AB348500F8CFB0 /* ProductListItemCell.xib in Resources */,
				AC322F1D29AB5B9300F8CFB0 /* Lato-Black.ttf in Resources */,
				AC322F1229AB533200F8CFB0 /* CategoryLanding.storyboard in Resources */,
				AC322EFA29AB441600F8CFB0 /* ProductLanding.storyboard in Resources */,
				AC322F0429AB4D9A00F8CFB0 /* ProductLandingItemCell.xib in Resources */,
				AC322ED929AB325A00F8CFB0 /* LaunchScreen.storyboard in Resources */,
				AC322ED629AB325A00F8CFB0 /* Assets.xcassets in Resources */,
				AC322F1E29AB5B9300F8CFB0 /* Lato-Regular.ttf in Resources */,
				AC322ED429AB325800F8CFB0 /* Main.storyboard in Resources */,
				AC322F1C29AB5B9300F8CFB0 /* Lato-Light.ttf in Resources */,
			);
			runOnlyForDeploymentPostprocessing = 0;
		};
/* End PBXResourcesBuildPhase section */

/* Begin PBXSourcesBuildPhase section */
		AC322EC529AB325800F8CFB0 /* Sources */ = {
			isa = PBXSourcesBuildPhase;
			buildActionMask = 2147483647;
			files = (
				AC322F1429AB53F600F8CFB0 /* CategoryLandingViewModel.swift in Sources */,
				AC322EED29AB387100F8CFB0 /* ProductListResponseModel.swift in Sources */,
				AC322F0629AB4F7D00F8CFB0 /* ProductLandingItemViewModel.swift in Sources */,
				AC322EE329AB348500F8CFB0 /* ProductListItemCell.swift in Sources */,
				AC322F2329AB63CA00F8CFB0 /* BaseViewController.swift in Sources */,
				AC322EF829AB440B00F8CFB0 /* ProductLandingViewController.swift in Sources */,
				AC322ED129AB325800F8CFB0 /* ViewController.swift in Sources */,
				AC322EE929AB377000F8CFB0 /* ProductListViewModel.swift in Sources */,
				AC322ECD29AB325800F8CFB0 /* AppDelegate.swift in Sources */,
				AC322F0329AB4D9A00F8CFB0 /* ProductLandingItemCell.swift in Sources */,
				AC322F0029AB468600F8CFB0 /* ProductLandingViewModel.swift in Sources */,
				AC322EFC29AB446500F8CFB0 /* UIKit+Utils.swift in Sources */,
				AC322F1629AB550300F8CFB0 /* CategoryLandingConfiguration.swift in Sources */,
				AC322EEF29AB3A4500F8CFB0 /* NetworkUtility.swift in Sources */,
				AC322F2129AB5C3700F8CFB0 /* FontUtility.swift in Sources */,
				AC322F1029AB532600F8CFB0 /* CategoryLandingViewController.swift in Sources */,
				AC322ECF29AB325800F8CFB0 /* SceneDelegate.swift in Sources */,
				AC322EFE29AB465600F8CFB0 /* ProductLandingConfiguration.swift in Sources */,
				AC322EE729AB369F00F8CFB0 /* ProductListItemViewModel.swift in Sources */,
			);
			runOnlyForDeploymentPostprocessing = 0;
		};
/* End PBXSourcesBuildPhase section */

/* Begin PBXVariantGroup section */
		AC322ED229AB325800F8CFB0 /* Main.storyboard */ = {
			isa = PBXVariantGroup;
			children = (
				AC322ED329AB325800F8CFB0 /* Base */,
			);
			name = Main.storyboard;
			sourceTree = "<group>";
		};
		AC322ED729AB325A00F8CFB0 /* LaunchScreen.storyboard */ = {
			isa = PBXVariantGroup;
			children = (
				AC322ED829AB325A00F8CFB0 /* Base */,
			);
			name = LaunchScreen.storyboard;
			sourceTree = "<group>";
		};
/* End PBXVariantGroup section */

/* Begin XCBuildConfiguration section */
		AC322EDB29AB325A00F8CFB0 /* Debug */ = {
			isa = XCBuildConfiguration;
			buildSettings = {
				ALWAYS_SEARCH_USER_PATHS = NO;
				CLANG_ANALYZER_NONNULL = YES;
				CLANG_ANALYZER_NUMBER_OBJECT_CONVERSION = YES_AGGRESSIVE;
				CLANG_CXX_LANGUAGE_STANDARD = "gnu++20";
				CLANG_ENABLE_MODULES = YES;
				CLANG_ENABLE_OBJC_ARC = YES;
				CLANG_ENABLE_OBJC_WEAK = YES;
				CLANG_WARN_BLOCK_CAPTURE_AUTORELEASING = YES;
				CLANG_WARN_BOOL_CONVERSION = YES;
				CLANG_WARN_COMMA = YES;
				CLANG_WARN_CONSTANT_CONVERSION = YES;
				CLANG_WARN_DEPRECATED_OBJC_IMPLEMENTATIONS = YES;
				CLANG_WARN_DIRECT_OBJC_ISA_USAGE = YES_ERROR;
				CLANG_WARN_DOCUMENTATION_COMMENTS = YES;
				CLANG_WARN_EMPTY_BODY = YES;
				CLANG_WARN_ENUM_CONVERSION = YES;
				CLANG_WARN_INFINITE_RECURSION = YES;
				CLANG_WARN_INT_CONVERSION = YES;
				CLANG_WARN_NON_LITERAL_NULL_CONVERSION = YES;
				CLANG_WARN_OBJC_IMPLICIT_RETAIN_SELF = YES;
				CLANG_WARN_OBJC_LITERAL_CONVERSION = YES;
				CLANG_WARN_OBJC_ROOT_CLASS = YES_ERROR;
				CLANG_WARN_QUOTED_INCLUDE_IN_FRAMEWORK_HEADER = YES;
				CLANG_WARN_RANGE_LOOP_ANALYSIS = YES;
				CLANG_WARN_STRICT_PROTOTYPES = YES;
				CLANG_WARN_SUSPICIOUS_MOVE = YES;
				CLANG_WARN_UNGUARDED_AVAILABILITY = YES_AGGRESSIVE;
				CLANG_WARN_UNREACHABLE_CODE = YES;
				CLANG_WARN__DUPLICATE_METHOD_MATCH = YES;
				COPY_PHASE_STRIP = NO;
				DEBUG_INFORMATION_FORMAT = dwarf;
				ENABLE_STRICT_OBJC_MSGSEND = YES;
				ENABLE_TESTABILITY = YES;
				GCC_C_LANGUAGE_STANDARD = gnu11;
				GCC_DYNAMIC_NO_PIC = NO;
				GCC_NO_COMMON_BLOCKS = YES;
				GCC_OPTIMIZATION_LEVEL = 0;
				GCC_PREPROCESSOR_DEFINITIONS = (
					"DEBUG=1",
					"$(inherited)",
				);
				GCC_WARN_64_TO_32_BIT_CONVERSION = YES;
				GCC_WARN_ABOUT_RETURN_TYPE = YES_ERROR;
				GCC_WARN_UNDECLARED_SELECTOR = YES;
				GCC_WARN_UNINITIALIZED_AUTOS = YES_AGGRESSIVE;
				GCC_WARN_UNUSED_FUNCTION = YES;
				GCC_WARN_UNUSED_VARIABLE = YES;
				IPHONEOS_DEPLOYMENT_TARGET = 14.0;
				MTL_ENABLE_DEBUG_INFO = INCLUDE_SOURCE;
				MTL_FAST_MATH = YES;
				ONLY_ACTIVE_ARCH = YES;
				SDKROOT = iphoneos;
				SWIFT_ACTIVE_COMPILATION_CONDITIONS = DEBUG;
				SWIFT_OPTIMIZATION_LEVEL = "-Onone";
			};
			name = Debug;
		};
		AC322EDC29AB325A00F8CFB0 /* Release */ = {
			isa = XCBuildConfiguration;
			buildSettings = {
				ALWAYS_SEARCH_USER_PATHS = NO;
				CLANG_ANALYZER_NONNULL = YES;
				CLANG_ANALYZER_NUMBER_OBJECT_CONVERSION = YES_AGGRESSIVE;
				CLANG_CXX_LANGUAGE_STANDARD = "gnu++20";
				CLANG_ENABLE_MODULES = YES;
				CLANG_ENABLE_OBJC_ARC = YES;
				CLANG_ENABLE_OBJC_WEAK = YES;
				CLANG_WARN_BLOCK_CAPTURE_AUTORELEASING = YES;
				CLANG_WARN_BOOL_CONVERSION = YES;
				CLANG_WARN_COMMA = YES;
				CLANG_WARN_CONSTANT_CONVERSION = YES;
				CLANG_WARN_DEPRECATED_OBJC_IMPLEMENTATIONS = YES;
				CLANG_WARN_DIRECT_OBJC_ISA_USAGE = YES_ERROR;
				CLANG_WARN_DOCUMENTATION_COMMENTS = YES;
				CLANG_WARN_EMPTY_BODY = YES;
				CLANG_WARN_ENUM_CONVERSION = YES;
				CLANG_WARN_INFINITE_RECURSION = YES;
				CLANG_WARN_INT_CONVERSION = YES;
				CLANG_WARN_NON_LITERAL_NULL_CONVERSION = YES;
				CLANG_WARN_OBJC_IMPLICIT_RETAIN_SELF = YES;
				CLANG_WARN_OBJC_LITERAL_CONVERSION = YES;
				CLANG_WARN_OBJC_ROOT_CLASS = YES_ERROR;
				CLANG_WARN_QUOTED_INCLUDE_IN_FRAMEWORK_HEADER = YES;
				CLANG_WARN_RANGE_LOOP_ANALYSIS = YES;
				CLANG_WARN_STRICT_PROTOTYPES = YES;
				CLANG_WARN_SUSPICIOUS_MOVE = YES;
				CLANG_WARN_UNGUARDED_AVAILABILITY = YES_AGGRESSIVE;
				CLANG_WARN_UNREACHABLE_CODE = YES;
				CLANG_WARN__DUPLICATE_METHOD_MATCH = YES;
				COPY_PHASE_STRIP = NO;
				DEBUG_INFORMATION_FORMAT = "dwarf-with-dsym";
				ENABLE_NS_ASSERTIONS = NO;
				ENABLE_STRICT_OBJC_MSGSEND = YES;
				GCC_C_LANGUAGE_STANDARD = gnu11;
				GCC_NO_COMMON_BLOCKS = YES;
				GCC_WARN_64_TO_32_BIT_CONVERSION = YES;
				GCC_WARN_ABOUT_RETURN_TYPE = YES_ERROR;
				GCC_WARN_UNDECLARED_SELECTOR = YES;
				GCC_WARN_UNINITIALIZED_AUTOS = YES_AGGRESSIVE;
				GCC_WARN_UNUSED_FUNCTION = YES;
				GCC_WARN_UNUSED_VARIABLE = YES;
				IPHONEOS_DEPLOYMENT_TARGET = 14.0;
				MTL_ENABLE_DEBUG_INFO = NO;
				MTL_FAST_MATH = YES;
				SDKROOT = iphoneos;
				SWIFT_COMPILATION_MODE = wholemodule;
				SWIFT_OPTIMIZATION_LEVEL = "-O";
				VALIDATE_PRODUCT = YES;
			};
			name = Release;
		};
		AC322EDE29AB325A00F8CFB0 /* Debug */ = {
			isa = XCBuildConfiguration;
			buildSettings = {
				ASSETCATALOG_COMPILER_APPICON_NAME = AppIcon;
				ASSETCATALOG_COMPILER_GLOBAL_ACCENT_COLOR_NAME = AccentColor;
				CODE_SIGN_STYLE = Automatic;
				CURRENT_PROJECT_VERSION = 1;
				DEVELOPMENT_TEAM = C7HV444JGZ;
				GENERATE_INFOPLIST_FILE = YES;
				INFOPLIST_FILE = Product/Info.plist;
				INFOPLIST_KEY_UIApplicationSupportsIndirectInputEvents = YES;
				INFOPLIST_KEY_UILaunchStoryboardName = LaunchScreen;
				INFOPLIST_KEY_UIMainStoryboardFile = Main;
				INFOPLIST_KEY_UISupportedInterfaceOrientations_iPad = "UIInterfaceOrientationPortrait UIInterfaceOrientationPortraitUpsideDown UIInterfaceOrientationLandscapeLeft UIInterfaceOrientationLandscapeRight";
				INFOPLIST_KEY_UISupportedInterfaceOrientations_iPhone = "UIInterfaceOrientationPortrait UIInterfaceOrientationLandscapeLeft UIInterfaceOrientationLandscapeRight";
				IPHONEOS_DEPLOYMENT_TARGET = 14.0;
				LD_RUNPATH_SEARCH_PATHS = (
					"$(inherited)",
					"@executable_path/Frameworks",
				);
				MARKETING_VERSION = 1.0;
				PRODUCT_BUNDLE_IDENTIFIER = com.sangat.product.Product;
				PRODUCT_NAME = "$(TARGET_NAME)";
				SWIFT_EMIT_LOC_STRINGS = YES;
				SWIFT_VERSION = 5.0;
				TARGETED_DEVICE_FAMILY = "1,2";
			};
			name = Debug;
		};
		AC322EDF29AB325A00F8CFB0 /* Release */ = {
			isa = XCBuildConfiguration;
			buildSettings = {
				ASSETCATALOG_COMPILER_APPICON_NAME = AppIcon;
				ASSETCATALOG_COMPILER_GLOBAL_ACCENT_COLOR_NAME = AccentColor;
				CODE_SIGN_STYLE = Automatic;
				CURRENT_PROJECT_VERSION = 1;
				DEVELOPMENT_TEAM = C7HV444JGZ;
				GENERATE_INFOPLIST_FILE = YES;
				INFOPLIST_FILE = Product/Info.plist;
				INFOPLIST_KEY_UIApplicationSupportsIndirectInputEvents = YES;
				INFOPLIST_KEY_UILaunchStoryboardName = LaunchScreen;
				INFOPLIST_KEY_UIMainStoryboardFile = Main;
				INFOPLIST_KEY_UISupportedInterfaceOrientations_iPad = "UIInterfaceOrientationPortrait UIInterfaceOrientationPortraitUpsideDown UIInterfaceOrientationLandscapeLeft UIInterfaceOrientationLandscapeRight";
				INFOPLIST_KEY_UISupportedInterfaceOrientations_iPhone = "UIInterfaceOrientationPortrait UIInterfaceOrientationLandscapeLeft UIInterfaceOrientationLandscapeRight";
				IPHONEOS_DEPLOYMENT_TARGET = 14.0;
				LD_RUNPATH_SEARCH_PATHS = (
					"$(inherited)",
					"@executable_path/Frameworks",
				);
				MARKETING_VERSION = 1.0;
				PRODUCT_BUNDLE_IDENTIFIER = com.sangat.product.Product;
				PRODUCT_NAME = "$(TARGET_NAME)";
				SWIFT_EMIT_LOC_STRINGS = YES;
				SWIFT_VERSION = 5.0;
				TARGETED_DEVICE_FAMILY = "1,2";
			};
			name = Release;
		};
/* End XCBuildConfiguration section */

/* Begin XCConfigurationList section */
		AC322EC429AB325800F8CFB0 /* Build configuration list for PBXProject "Product" */ = {
			isa = XCConfigurationList;
			buildConfigurations = (
				AC322EDB29AB325A00F8CFB0 /* Debug */,
				AC322EDC29AB325A00F8CFB0 /* Release */,
			);
			defaultConfigurationIsVisible = 0;
			defaultConfigurationName = Release;
		};
		AC322EDD29AB325A00F8CFB0 /* Build configuration list for PBXNativeTarget "Product" */ = {
			isa = XCConfigurationList;
			buildConfigurations = (
				AC322EDE29AB325A00F8CFB0 /* Debug */,
				AC322EDF29AB325A00F8CFB0 /* Release */,
			);
			defaultConfigurationIsVisible = 0;
			defaultConfigurationName = Release;
		};
/* End XCConfigurationList section */
	};
	rootObject = AC322EC129AB325800F8CFB0 /* Project object */;
}
